
Microsoft Visual Studio Solution File, Format Version 12.00
# Visual Studio 15
Project("{FAE04EC0-301F-11D3-BF4B-00C04F79EFBC}") = "mongo-csharp", "mongo-csharp\mongo-csharp.csproj", "{71EADF74-B1C7-4C91-B8BA-20FCA60B8B8B}"
EndProject
Global
	GlobalSection(SolutionConfigurationPlatforms) = preSolution
		Debug|anycpu = Debug|anycpu
		Release|anycpu = Release|anycpu
	EndGlobalSection
	GlobalSection(ProjectConfigurationPlatforms) = postSolution
		{71EADF74-B1C7-4C91-B8BA-20FCA60B8B8B}.Debug|anycpu.ActiveCfg = Debug|anycpu
		{71EADF74-B1C7-4C91-B8BA-20FCA60B8B8B}.Debug|anycpu.Build.0 = Debug|anycpu
		{71EADF74-B1C7-4C91-B8BA-20FCA60B8B8B}.Release|anycpu.ActiveCfg = Release|anycpu
		{71EADF74-B1C7-4C91-B8BA-20FCA60B8B8B}.Release|anycpu.Build.0 = Release|anycpu
	EndGlobalSection
EndGlobal
